{
  "nodes": {
    "nixpkgs": {
      "locked": {
        "lastModified": 1725761249,
        "narHash": "sha256-oYNBVsHkzqHQ9jnTQbCURXC12EjxRMrWZjgiUQpqqcM=",
        "owner": "NixOS",
        "repo": "nixpkgs",
        "rev": "29f0ab00236f9e83bb0330914011f2a72487ff40",
        "type": "github"
      },
      "original": {
        "owner": "NixOS",
        "repo": "nixpkgs",
        "type": "github"
      }
    },
    "root": {
      "inputs": {
        "nixpkgs": "nixpkgs"
      }
    }
  },
  "root": "root",
  "version": 7
}
