{
  "lockfileVersion": 1,
  "workspaces": {
    "": {
      "dependencies": {
        "@antfu/ni": "24.3.0",
        "diff-so-fancy": "1.4.3",
      },
    },
  },
  "packages": {
    "@antfu/ni": ["@antfu/ni@24.3.0", "", { "dependencies": { "ansis": "^3.17.0", "fzf": "^0.5.2", "package-manager-detector": "^1.1.0", "tinyexec": "^1.0.0" }, "bin": { "ni": "bin/ni.mjs", "nci": "bin/nci.mjs", "nr": "bin/nr.mjs", "nu": "bin/nu.mjs", "nlx": "bin/nlx.mjs", "na": "bin/na.mjs", "nun": "bin/nun.mjs" } }, "sha512-wBSav4mBxvHEW9RbdSo1SWLQ6MAlT0Dc423weC58yOWqW4OcMvtnNDdDrxOZeJ88fEIyPK93gDUWIelBxzSf8g=="],

    "ansis": ["ansis@3.17.0", "", {}, "sha512-0qWUglt9JEqLFr3w1I1pbrChn1grhaiAR2ocX1PP/flRmxgtwTzPFFFnfIlD6aMOLQZgSuCRlidD70lvx8yhzg=="],

    "diff-so-fancy": ["diff-so-fancy@1.4.3", "", { "bin": { "diff-so-fancy": "third_party/build_fatpack/diff-so-fancy" } }, "sha512-ZXNe6ZLdzCHt5cdMPwQOsuNcPI86VYArxloIqmedkTK3qlii59gHe5eR82CrNrc4aZ/A0V1b7askmDzBwftZKA=="],

    "fzf": ["fzf@0.5.2", "", {}, "sha512-Tt4kuxLXFKHy8KT40zwsUPUkg1CrsgY25FxA2U/j/0WgEDCk3ddc/zLTCCcbSHX9FcKtLuVaDGtGE/STWC+j3Q=="],

    "package-manager-detector": ["package-manager-detector@1.1.0", "", {}, "sha512-Y8f9qUlBzW8qauJjd/eu6jlpJZsuPJm2ZAV0cDVd420o4EdpH5RPdoCv+60/TdJflGatr4sDfpAL6ArWZbM5tA=="],

    "tinyexec": ["tinyexec@1.0.0", "", {}, "sha512-djtKaAR3lnRo0uMT/IKYwj3s4E86IE/SdwCE3XXIJcozbDFKsfgAmi8IBIpIDmTd0Y6YKyfqo3vQ33OloPJPaQ=="],
  }
}
