{
  "lockfileVersion": 0,
  "workspaces": {
    "": {
      "dependencies": {
        "@antfu/ni": "0.23.2",
        "diff-so-fancy": "1.4.3",
      },
    },
  },
  "packages": {
    "@antfu/ni": ["@antfu/ni@0.23.2", "", { "bin": { "ni": "bin/ni.mjs", "nci": "bin/nci.mjs", "nr": "bin/nr.mjs", "nu": "bin/nu.mjs", "nlx": "bin/nlx.mjs", "na": "bin/na.mjs", "nun": "bin/nun.mjs" } }, "sha512-FSEVWXvwroExDXUu8qV6Wqp2X3D1nJ0Li4LFymCyvCVrm7I3lNfG0zZWSWvGU1RE7891eTnFTyh31L3igOwNKQ=="],

    "diff-so-fancy": ["diff-so-fancy@1.4.3", "", { "bin": { "diff-so-fancy": "third_party/build_fatpack/diff-so-fancy" } }, "sha512-ZXNe6ZLdzCHt5cdMPwQOsuNcPI86VYArxloIqmedkTK3qlii59gHe5eR82CrNrc4aZ/A0V1b7askmDzBwftZKA=="],
  }
}
